
Microsoft Visual Studio Solution File, Format Version 12.00
Project("{FAE04EC0-301F-11D3-BF4B-00C04F79EFBC}") = "TestSolutionGenerator", "TestSolutionGenerator\TestSolutionGenerator.csproj", "{99FC07E5-5F3B-480F-A2A8-F2ACD3E4945C}"
EndProject
Global
	GlobalSection(SolutionConfigurationPlatforms) = preSolution
		Debug|Any CPU = Debug|Any CPU
		Release|Any CPU = Release|Any CPU
	EndGlobalSection
	GlobalSection(ProjectConfigurationPlatforms) = postSolution
		{99FC07E5-5F3B-480F-A2A8-F2ACD3E4945C}.Debug|Any CPU.ActiveCfg = Debug|Any CPU
		{99FC07E5-5F3B-480F-A2A8-F2ACD3E4945C}.Debug|Any CPU.Build.0 = Debug|Any CPU
		{99FC07E5-5F3B-480F-A2A8-F2ACD3E4945C}.Release|Any CPU.ActiveCfg = Release|Any CPU
		{99FC07E5-5F3B-480F-A2A8-F2ACD3E4945C}.Release|Any CPU.Build.0 = Release|Any CPU
	EndGlobalSection
EndGlobal
